{
  "name": "bluesky-bot",
  "lockfileVersion": 3,
  "requires": true,
  "packages": {
    "": {
      "name": "bluesky-bot",
      "dependencies": {
        "@atproto/api": "^0.6.23"
      },
      "devDependencies": {
        "bun-types": "latest"
      },
      "peerDependencies": {
        "typescript": "^5.0.0"
      }
    },
    "node_modules/@atproto/api": {
      "version": "0.6.23",
      "resolved": "https://registry.npmjs.org/@atproto/api/-/api-0.6.23.tgz",
      "integrity": "sha512-DUaoMv3Uu/WUNIoLk1OGYmsXNXnu8fKJmma7wbftiWmCiXqE5wiO3GHg3V8Zq6TXSiaQ9C+xcwx5/eMBnz1BsA==",
      "dependencies": {
        "@atproto/common-web": "^0.2.3",
        "@atproto/lexicon": "^0.3.0",
        "@atproto/syntax": "^0.1.4",
        "@atproto/xrpc": "^0.4.0",
        "multiformats": "^9.9.0",
        "tlds": "^1.234.0",
        "typed-emitter": "^2.1.0",
        "zod": "^3.21.4"
      }
    },
    "node_modules/@atproto/common-web": {
      "version": "0.2.3",
      "license": "MIT",
      "dependencies": {
        "graphemer": "^1.4.0",
        "multiformats": "^9.9.0",
        "uint8arrays": "3.0.0",
        "zod": "^3.21.4"
      }
    },
    "node_modules/@atproto/lexicon": {
      "version": "0.3.0",
      "license": "MIT",
      "dependencies": {
        "@atproto/common-web": "^0.2.3",
        "@atproto/syntax": "^0.1.4",
        "iso-datestring-validator": "^2.2.2",
        "multiformats": "^9.9.0",
        "zod": "^3.21.4"
      }
    },
    "node_modules/@atproto/syntax": {
      "version": "0.1.4",
      "license": "MIT",
      "dependencies": {
        "@atproto/common-web": "^0.2.3"
      }
    },
    "node_modules/@atproto/xrpc": {
      "version": "0.4.0",
      "license": "MIT",
      "dependencies": {
        "@atproto/lexicon": "^0.3.0",
        "zod": "^3.21.4"
      }
    },
    "node_modules/bun-types": {
      "version": "1.0.11",
      "resolved": "https://registry.npmjs.org/bun-types/-/bun-types-1.0.11.tgz",
      "integrity": "sha512-XaDwjnBlkdTOtBEAcXhDnPSKFMlwFK/526z0iyairYIDhZJMzZM1QU4D7XRiEI2SpKQWexn0S/LN9Mwx5xSJNg==",
      "dev": true
    },
    "node_modules/graphemer": {
      "version": "1.4.0",
      "license": "MIT"
    },
    "node_modules/iso-datestring-validator": {
      "version": "2.2.2",
      "license": "MIT"
    },
    "node_modules/multiformats": {
      "version": "9.9.0",
      "license": "(Apache-2.0 AND MIT)"
    },
    "node_modules/rxjs": {
      "version": "7.8.1",
      "license": "Apache-2.0",
      "optional": true,
      "dependencies": {
        "tslib": "^2.1.0"
      }
    },
    "node_modules/tlds": {
      "version": "1.245.0",
      "license": "MIT",
      "bin": {
        "tlds": "bin.js"
      }
    },
    "node_modules/tslib": {
      "version": "2.6.2",
      "license": "0BSD",
      "optional": true
    },
    "node_modules/typed-emitter": {
      "version": "2.1.0",
      "license": "MIT",
      "optionalDependencies": {
        "rxjs": "*"
      }
    },
    "node_modules/typescript": {
      "version": "5.2.2",
      "resolved": "https://registry.npmjs.org/typescript/-/typescript-5.2.2.tgz",
      "integrity": "sha512-mI4WrpHsbCIcwT9cF4FZvr80QUeKvsUsUvKDoR+X/7XHQH98xYD8YHZg7ANtz2GtZt/CBq2QJ0thkGJMHfqc1w==",
      "peer": true,
      "bin": {
        "tsc": "bin/tsc",
        "tsserver": "bin/tsserver"
      },
      "engines": {
        "node": ">=14.17"
      }
    },
    "node_modules/uint8arrays": {
      "version": "3.0.0",
      "license": "MIT",
      "dependencies": {
        "multiformats": "^9.4.2"
      }
    },
    "node_modules/zod": {
      "version": "3.22.4",
      "license": "MIT",
      "funding": {
        "url": "https://github.com/sponsors/colinhacks"
      }
    }
  }
}
